
Microsoft Visual Studio Solution File, Format Version 12.00
# Visual Studio Version 16
VisualStudioVersion = 16.0.29324.140
MinimumVisualStudioVersion = 10.0.40219.1
Project("{FAE04EC0-301F-11D3-BF4B-00C04F79EFBC}") = "HRBF", "HRBF\HRBF.csproj", "{24F29104-DFB8-4930-9A1E-ABB5B49C7B2C}"
EndProject
Global
	GlobalSection(SolutionConfigurationPlatforms) = preSolution
		Debug|Any CPU = Debug|Any CPU
		Release|Any CPU = Release|Any CPU
	EndGlobalSection
	GlobalSection(ProjectConfigurationPlatforms) = postSolution
		{24F29104-DFB8-4930-9A1E-ABB5B49C7B2C}.Debug|Any CPU.ActiveCfg = Debug|Any CPU
		{24F29104-DFB8-4930-9A1E-ABB5B49C7B2C}.Debug|Any CPU.Build.0 = Debug|Any CPU
		{24F29104-DFB8-4930-9A1E-ABB5B49C7B2C}.Release|Any CPU.ActiveCfg = Release|Any CPU
		{24F29104-DFB8-4930-9A1E-ABB5B49C7B2C}.Release|Any CPU.Build.0 = Release|Any CPU
	EndGlobalSection
	GlobalSection(SolutionProperties) = preSolution
		HideSolutionNode = FALSE
	EndGlobalSection
	GlobalSection(ExtensibilityGlobals) = postSolution
		SolutionGuid = {AE1BC003-704F-47EC-881E-4978539A9EBA}
	EndGlobalSection
EndGlobal
